// !$*UTF8*$!
{
	archiveVersion = 1;
	classes = {
	};
	objectVersion = 46;
	objects = {

/* Begin PBXBuildFile section */
		EE2FF0A21880E41400569886 /* ZOMZombieAnnotationView.m in Sources */ = {isa = PBXBuildFile; fileRef = EE2FF0A11880E41400569886 /* ZOMZombieAnnotationView.m */; };
		EE2FF0A81880EDAA00569886 /* ZOMZombieAnnotation.m in Sources */ = {isa = PBXBuildFile; fileRef = EE2FF0A71880EDAA00569886 /* ZOMZombieAnnotation.m */; };
		EEFF3B161877473F00E40E21 /* Foundation.framework in Frameworks */ = {isa = PBXBuildFile; fileRef = EEFF3B151877473F00E40E21 /* Foundation.framework */; };
		EEFF3B181877473F00E40E21 /* CoreGraphics.framework in Frameworks */ = {isa = PBXBuildFile; fileRef = EEFF3B171877473F00E40E21 /* CoreGraphics.framework */; };
		EEFF3B1A1877473F00E40E21 /* UIKit.framework in Frameworks */ = {isa = PBXBuildFile; fileRef = EEFF3B191877473F00E40E21 /* UIKit.framework */; };
		EEFF3B201877473F00E40E21 /* InfoPlist.strings in Resources */ = {isa = PBXBuildFile; fileRef = EEFF3B1E1877473F00E40E21 /* InfoPlist.strings */; };
		EEFF3B221877473F00E40E21 /* main.m in Sources */ = {isa = PBXBuildFile; fileRef = EEFF3B211877473F00E40E21 /* main.m */; };
		EEFF3B261877473F00E40E21 /* ZOMAppDelegate.m in Sources */ = {isa = PBXBuildFile; fileRef = EEFF3B251877473F00E40E21 /* ZOMAppDelegate.m */; };
		EEFF3B291877473F00E40E21 /* Main.storyboard in Resources */ = {isa = PBXBuildFile; fileRef = EEFF3B271877473F00E40E21 /* Main.storyboard */; };
		EEFF3B2E1877473F00E40E21 /* Images.xcassets in Resources */ = {isa = PBXBuildFile; fileRef = EEFF3B2D1877473F00E40E21 /* Images.xcassets */; };
		EEFF3B351877473F00E40E21 /* XCTest.framework in Frameworks */ = {isa = PBXBuildFile; fileRef = EEFF3B341877473F00E40E21 /* XCTest.framework */; };
		EEFF3B361877473F00E40E21 /* Foundation.framework in Frameworks */ = {isa = PBXBuildFile; fileRef = EEFF3B151877473F00E40E21 /* Foundation.framework */; };
		EEFF3B371877473F00E40E21 /* UIKit.framework in Frameworks */ = {isa = PBXBuildFile; fileRef = EEFF3B191877473F00E40E21 /* UIKit.framework */; };
		EEFF3B3F1877473F00E40E21 /* InfoPlist.strings in Resources */ = {isa = PBXBuildFile; fileRef = EEFF3B3D1877473F00E40E21 /* InfoPlist.strings */; };
		EEFF3B411877473F00E40E21 /* Zombie_RunTests.m in Sources */ = {isa = PBXBuildFile; fileRef = EEFF3B401877473F00E40E21 /* Zombie_RunTests.m */; };
		EEFF3B52187749D000E40E21 /* ZOMGameViewController.m in Sources */ = {isa = PBXBuildFile; fileRef = EEFF3B51187749D000E40E21 /* ZOMGameViewController.m */; };
		EEFF3B55187749DF00E40E21 /* ZOMSetupViewController.m in Sources */ = {isa = PBXBuildFile; fileRef = EEFF3B54187749DF00E40E21 /* ZOMSetupViewController.m */; };
		EEFF3B58187749F300E40E21 /* ZOMMenuViewController.m in Sources */ = {isa = PBXBuildFile; fileRef = EEFF3B57187749F300E40E21 /* ZOMMenuViewController.m */; };
		EEFF3B5E18774E4800E40E21 /* ZOMGame.m in Sources */ = {isa = PBXBuildFile; fileRef = EEFF3B5D18774E4800E40E21 /* ZOMGame.m */; };
		EEFF3B6118774F7B00E40E21 /* ZOMPlayer.m in Sources */ = {isa = PBXBuildFile; fileRef = EEFF3B6018774F7B00E40E21 /* ZOMPlayer.m */; };
		EEFF3B6318779E5500E40E21 /* MapKit.framework in Frameworks */ = {isa = PBXBuildFile; fileRef = EEFF3B6218779E5500E40E21 /* MapKit.framework */; };
		EEFF3B6518779FCA00E40E21 /* CoreLocation.framework in Frameworks */ = {isa = PBXBuildFile; fileRef = EEFF3B6418779FCA00E40E21 /* CoreLocation.framework */; };
/* End PBXBuildFile section */

/* Begin PBXContainerItemProxy section */
		EEFF3B381877473F00E40E21 /* PBXContainerItemProxy */ = {
			isa = PBXContainerItemProxy;
			containerPortal = EEFF3B0A1877473F00E40E21 /* Project object */;
			proxyType = 1;
			remoteGlobalIDString = EEFF3B111877473F00E40E21;
			remoteInfo = "Zombie Run";
		};
/* End PBXContainerItemProxy section */

/* Begin PBXFileReference section */
		EE2FF0A01880E41400569886 /* ZOMZombieAnnotationView.h */ = {isa = PBXFileReference; fileEncoding = 4; lastKnownFileType = sourcecode.c.h; path = ZOMZombieAnnotationView.h; sourceTree = "<group>"; };
		EE2FF0A11880E41400569886 /* ZOMZombieAnnotationView.m */ = {isa = PBXFileReference; fileEncoding = 4; lastKnownFileType = sourcecode.c.objc; path = ZOMZombieAnnotationView.m; sourceTree = "<group>"; };
		EE2FF0A61880EDAA00569886 /* ZOMZombieAnnotation.h */ = {isa = PBXFileReference; fileEncoding = 4; lastKnownFileType = sourcecode.c.h; path = ZOMZombieAnnotation.h; sourceTree = "<group>"; };
		EE2FF0A71880EDAA00569886 /* ZOMZombieAnnotation.m */ = {isa = PBXFileReference; fileEncoding = 4; lastKnownFileType = sourcecode.c.objc; path = ZOMZombieAnnotation.m; sourceTree = "<group>"; };
		EEFF3B121877473F00E40E21 /* Zombie Run.app */ = {isa = PBXFileReference; explicitFileType = wrapper.application; includeInIndex = 0; path = "Zombie Run.app"; sourceTree = BUILT_PRODUCTS_DIR; };
		EEFF3B151877473F00E40E21 /* Foundation.framework */ = {isa = PBXFileReference; lastKnownFileType = wrapper.framework; name = Foundation.framework; path = System/Library/Frameworks/Foundation.framework; sourceTree = SDKROOT; };
		EEFF3B171877473F00E40E21 /* CoreGraphics.framework */ = {isa = PBXFileReference; lastKnownFileType = wrapper.framework; name = CoreGraphics.framework; path = System/Library/Frameworks/CoreGraphics.framework; sourceTree = SDKROOT; };
		EEFF3B191877473F00E40E21 /* UIKit.framework */ = {isa = PBXFileReference; lastKnownFileType = wrapper.framework; name = UIKit.framework; path = System/Library/Frameworks/UIKit.framework; sourceTree = SDKROOT; };
		EEFF3B1D1877473F00E40E21 /* Zombie Run-Info.plist */ = {isa = PBXFileReference; lastKnownFileType = text.plist.xml; path = "Zombie Run-Info.plist"; sourceTree = "<group>"; };
		EEFF3B1F1877473F00E40E21 /* en */ = {isa = PBXFileReference; lastKnownFileType = text.plist.strings; name = en; path = en.lproj/InfoPlist.strings; sourceTree = "<group>"; };
		EEFF3B211877473F00E40E21 /* main.m */ = {isa = PBXFileReference; lastKnownFileType = sourcecode.c.objc; path = main.m; sourceTree = "<group>"; };
		EEFF3B231877473F00E40E21 /* Zombie Run-Prefix.pch */ = {isa = PBXFileReference; lastKnownFileType = sourcecode.c.h; path = "Zombie Run-Prefix.pch"; sourceTree = "<group>"; };
		EEFF3B241877473F00E40E21 /* ZOMAppDelegate.h */ = {isa = PBXFileReference; lastKnownFileType = sourcecode.c.h; path = ZOMAppDelegate.h; sourceTree = "<group>"; };
		EEFF3B251877473F00E40E21 /* ZOMAppDelegate.m */ = {isa = PBXFileReference; lastKnownFileType = sourcecode.c.objc; path = ZOMAppDelegate.m; sourceTree = "<group>"; };
		EEFF3B281877473F00E40E21 /* Base */ = {isa = PBXFileReference; lastKnownFileType = file.storyboard; name = Base; path = Base.lproj/Main.storyboard; sourceTree = "<group>"; };
		EEFF3B2D1877473F00E40E21 /* Images.xcassets */ = {isa = PBXFileReference; lastKnownFileType = folder.assetcatalog; path = Images.xcassets; sourceTree = "<group>"; };
		EEFF3B331877473F00E40E21 /* Zombie RunTests.xctest */ = {isa = PBXFileReference; explicitFileType = wrapper.cfbundle; includeInIndex = 0; path = "Zombie RunTests.xctest"; sourceTree = BUILT_PRODUCTS_DIR; };
		EEFF3B341877473F00E40E21 /* XCTest.framework */ = {isa = PBXFileReference; lastKnownFileType = wrapper.framework; name = XCTest.framework; path = Library/Frameworks/XCTest.framework; sourceTree = DEVELOPER_DIR; };
		EEFF3B3C1877473F00E40E21 /* Zombie RunTests-Info.plist */ = {isa = PBXFileReference; lastKnownFileType = text.plist.xml; path = "Zombie RunTests-Info.plist"; sourceTree = "<group>"; };
		EEFF3B3E1877473F00E40E21 /* en */ = {isa = PBXFileReference; lastKnownFileType = text.plist.strings; name = en; path = en.lproj/InfoPlist.strings; sourceTree = "<group>"; };
		EEFF3B401877473F00E40E21 /* Zombie_RunTests.m */ = {isa = PBXFileReference; lastKnownFileType = sourcecode.c.objc; path = Zombie_RunTests.m; sourceTree = "<group>"; };
		EEFF3B50187749D000E40E21 /* ZOMGameViewController.h */ = {isa = PBXFileReference; fileEncoding = 4; lastKnownFileType = sourcecode.c.h; path = ZOMGameViewController.h; sourceTree = "<group>"; };
		EEFF3B51187749D000E40E21 /* ZOMGameViewController.m */ = {isa = PBXFileReference; fileEncoding = 4; lastKnownFileType = sourcecode.c.objc; path = ZOMGameViewController.m; sourceTree = "<group>"; };
		EEFF3B53187749DF00E40E21 /* ZOMSetupViewController.h */ = {isa = PBXFileReference; fileEncoding = 4; lastKnownFileType = sourcecode.c.h; path = ZOMSetupViewController.h; sourceTree = "<group>"; };
		EEFF3B54187749DF00E40E21 /* ZOMSetupViewController.m */ = {isa = PBXFileReference; fileEncoding = 4; lastKnownFileType = sourcecode.c.objc; path = ZOMSetupViewController.m; sourceTree = "<group>"; };
		EEFF3B56187749F300E40E21 /* ZOMMenuViewController.h */ = {isa = PBXFileReference; fileEncoding = 4; lastKnownFileType = sourcecode.c.h; path = ZOMMenuViewController.h; sourceTree = "<group>"; };
		EEFF3B57187749F300E40E21 /* ZOMMenuViewController.m */ = {isa = PBXFileReference; fileEncoding = 4; lastKnownFileType = sourcecode.c.objc; path = ZOMMenuViewController.m; sourceTree = "<group>"; };
		EEFF3B5C18774E4800E40E21 /* ZOMGame.h */ = {isa = PBXFileReference; fileEncoding = 4; lastKnownFileType = sourcecode.c.h; path = ZOMGame.h; sourceTree = "<group>"; };
		EEFF3B5D18774E4800E40E21 /* ZOMGame.m */ = {isa = PBXFileReference; fileEncoding = 4; lastKnownFileType = sourcecode.c.objc; path = ZOMGame.m; sourceTree = "<group>"; };
		EEFF3B5F18774F7B00E40E21 /* ZOMPlayer.h */ = {isa = PBXFileReference; fileEncoding = 4; lastKnownFileType = sourcecode.c.h; path = ZOMPlayer.h; sourceTree = "<group>"; };
		EEFF3B6018774F7B00E40E21 /* ZOMPlayer.m */ = {isa = PBXFileReference; fileEncoding = 4; lastKnownFileType = sourcecode.c.objc; path = ZOMPlayer.m; sourceTree = "<group>"; };
		EEFF3B6218779E5500E40E21 /* MapKit.framework */ = {isa = PBXFileReference; lastKnownFileType = wrapper.framework; name = MapKit.framework; path = System/Library/Frameworks/MapKit.framework; sourceTree = SDKROOT; };
		EEFF3B6418779FCA00E40E21 /* CoreLocation.framework */ = {isa = PBXFileReference; lastKnownFileType = wrapper.framework; name = CoreLocation.framework; path = System/Library/Frameworks/CoreLocation.framework; sourceTree = SDKROOT; };
/* End PBXFileReference section */

/* Begin PBXFrameworksBuildPhase section */
		EEFF3B0F1877473F00E40E21 /* Frameworks */ = {
			isa = PBXFrameworksBuildPhase;
			buildActionMask = 2147483647;
			files = (
				EEFF3B6518779FCA00E40E21 /* CoreLocation.framework in Frameworks */,
				EEFF3B6318779E5500E40E21 /* MapKit.framework in Frameworks */,
				EEFF3B181877473F00E40E21 /* CoreGraphics.framework in Frameworks */,
				EEFF3B1A1877473F00E40E21 /* UIKit.framework in Frameworks */,
				EEFF3B161877473F00E40E21 /* Foundation.framework in Frameworks */,
			);
			runOnlyForDeploymentPostprocessing = 0;
		};
		EEFF3B301877473F00E40E21 /* Frameworks */ = {
			isa = PBXFrameworksBuildPhase;
			buildActionMask = 2147483647;
			files = (
				EEFF3B351877473F00E40E21 /* XCTest.framework in Frameworks */,
				EEFF3B371877473F00E40E21 /* UIKit.framework in Frameworks */,
				EEFF3B361877473F00E40E21 /* Foundation.framework in Frameworks */,
			);
			runOnlyForDeploymentPostprocessing = 0;
		};
/* End PBXFrameworksBuildPhase section */

/* Begin PBXGroup section */
		EEFF3B091877473F00E40E21 = {
			isa = PBXGroup;
			children = (
				EEFF3B1B1877473F00E40E21 /* Zombie Run */,
				EEFF3B3A1877473F00E40E21 /* Zombie RunTests */,
				EEFF3B141877473F00E40E21 /* Frameworks */,
				EEFF3B131877473F00E40E21 /* Products */,
			);
			sourceTree = "<group>";
		};
		EEFF3B131877473F00E40E21 /* Products */ = {
			isa = PBXGroup;
			children = (
				EEFF3B121877473F00E40E21 /* Zombie Run.app */,
				EEFF3B331877473F00E40E21 /* Zombie RunTests.xctest */,
			);
			name = Products;
			sourceTree = "<group>";
		};
		EEFF3B141877473F00E40E21 /* Frameworks */ = {
			isa = PBXGroup;
			children = (
				EEFF3B6418779FCA00E40E21 /* CoreLocation.framework */,
				EEFF3B6218779E5500E40E21 /* MapKit.framework */,
				EEFF3B151877473F00E40E21 /* Foundation.framework */,
				EEFF3B171877473F00E40E21 /* CoreGraphics.framework */,
				EEFF3B191877473F00E40E21 /* UIKit.framework */,
				EEFF3B341877473F00E40E21 /* XCTest.framework */,
			);
			name = Frameworks;
			sourceTree = "<group>";
		};
		EEFF3B1B1877473F00E40E21 /* Zombie Run */ = {
			isa = PBXGroup;
			children = (
				EEFF3B4C1877475500E40E21 /* Controller */,
				EEFF3B4B1877474E00E40E21 /* View */,
				EEFF3B4A1877474900E40E21 /* Model */,
				EEFF3B1C1877473F00E40E21 /* Supporting Files */,
			);
			path = "Zombie Run";
			sourceTree = "<group>";
		};
		EEFF3B1C1877473F00E40E21 /* Supporting Files */ = {
			isa = PBXGroup;
			children = (
				EEFF3B2D1877473F00E40E21 /* Images.xcassets */,
				EEFF3B241877473F00E40E21 /* ZOMAppDelegate.h */,
				EEFF3B251877473F00E40E21 /* ZOMAppDelegate.m */,
				EEFF3B1D1877473F00E40E21 /* Zombie Run-Info.plist */,
				EEFF3B1E1877473F00E40E21 /* InfoPlist.strings */,
				EEFF3B211877473F00E40E21 /* main.m */,
				EEFF3B231877473F00E40E21 /* Zombie Run-Prefix.pch */,
			);
			name = "Supporting Files";
			sourceTree = "<group>";
		};
		EEFF3B3A1877473F00E40E21 /* Zombie RunTests */ = {
			isa = PBXGroup;
			children = (
				EEFF3B401877473F00E40E21 /* Zombie_RunTests.m */,
				EEFF3B3B1877473F00E40E21 /* Supporting Files */,
			);
			path = "Zombie RunTests";
			sourceTree = "<group>";
		};
		EEFF3B3B1877473F00E40E21 /* Supporting Files */ = {
			isa = PBXGroup;
			children = (
				EEFF3B3C1877473F00E40E21 /* Zombie RunTests-Info.plist */,
				EEFF3B3D1877473F00E40E21 /* InfoPlist.strings */,
			);
			name = "Supporting Files";
			sourceTree = "<group>";
		};
		EEFF3B4A1877474900E40E21 /* Model */ = {
			isa = PBXGroup;
			children = (
				EEFF3B5C18774E4800E40E21 /* ZOMGame.h */,
				EEFF3B5D18774E4800E40E21 /* ZOMGame.m */,
				EEFF3B5F18774F7B00E40E21 /* ZOMPlayer.h */,
				EEFF3B6018774F7B00E40E21 /* ZOMPlayer.m */,
				EE2FF0A01880E41400569886 /* ZOMZombieAnnotationView.h */,
				EE2FF0A11880E41400569886 /* ZOMZombieAnnotationView.m */,
				EE2FF0A61880EDAA00569886 /* ZOMZombieAnnotation.h */,
				EE2FF0A71880EDAA00569886 /* ZOMZombieAnnotation.m */,
			);
			name = Model;
			sourceTree = "<group>";
		};
		EEFF3B4B1877474E00E40E21 /* View */ = {
			isa = PBXGroup;
			children = (
				EEFF3B271877473F00E40E21 /* Main.storyboard */,
			);
			name = View;
			sourceTree = "<group>";
		};
		EEFF3B4C1877475500E40E21 /* Controller */ = {
			isa = PBXGroup;
			children = (
				EEFF3B50187749D000E40E21 /* ZOMGameViewController.h */,
				EEFF3B51187749D000E40E21 /* ZOMGameViewController.m */,
				EEFF3B53187749DF00E40E21 /* ZOMSetupViewController.h */,
				EEFF3B54187749DF00E40E21 /* ZOMSetupViewController.m */,
				EEFF3B56187749F300E40E21 /* ZOMMenuViewController.h */,
				EEFF3B57187749F300E40E21 /* ZOMMenuViewController.m */,
			);
			name = Controller;
			sourceTree = "<group>";
		};
/* End PBXGroup section */

/* Begin PBXNativeTarget section */
		EEFF3B111877473F00E40E21 /* Zombie Run */ = {
			isa = PBXNativeTarget;
			buildConfigurationList = EEFF3B441877473F00E40E21 /* Build configuration list for PBXNativeTarget "Zombie Run" */;
			buildPhases = (
				EEFF3B0E1877473F00E40E21 /* Sources */,
				EEFF3B0F1877473F00E40E21 /* Frameworks */,
				EEFF3B101877473F00E40E21 /* Resources */,
			);
			buildRules = (
			);
			dependencies = (
			);
			name = "Zombie Run";
			productName = "Zombie Run";
			productReference = EEFF3B121877473F00E40E21 /* Zombie Run.app */;
			productType = "com.apple.product-type.application";
		};
		EEFF3B321877473F00E40E21 /* Zombie RunTests */ = {
			isa = PBXNativeTarget;
			buildConfigurationList = EEFF3B471877473F00E40E21 /* Build configuration list for PBXNativeTarget "Zombie RunTests" */;
			buildPhases = (
				EEFF3B2F1877473F00E40E21 /* Sources */,
				EEFF3B301877473F00E40E21 /* Frameworks */,
				EEFF3B311877473F00E40E21 /* Resources */,
			);
			buildRules = (
			);
			dependencies = (
				EEFF3B391877473F00E40E21 /* PBXTargetDependency */,
			);
			name = "Zombie RunTests";
			productName = "Zombie RunTests";
			productReference = EEFF3B331877473F00E40E21 /* Zombie RunTests.xctest */;
			productType = "com.apple.product-type.bundle.unit-test";
		};
/* End PBXNativeTarget section */

/* Begin PBXProject section */
		EEFF3B0A1877473F00E40E21 /* Project object */ = {
			isa = PBXProject;
			attributes = {
				CLASSPREFIX = ZOM;
				LastUpgradeCheck = 0500;
				ORGANIZATIONNAME = "Hunter Kyle Gearhart";
				TargetAttributes = {
					EEFF3B111877473F00E40E21 = {
						DevelopmentTeam = 72N92C4C52;
					};
					EEFF3B321877473F00E40E21 = {
						TestTargetID = EEFF3B111877473F00E40E21;
					};
				};
			};
			buildConfigurationList = EEFF3B0D1877473F00E40E21 /* Build configuration list for PBXProject "Zombie Run" */;
			compatibilityVersion = "Xcode 3.2";
			developmentRegion = English;
			hasScannedForEncodings = 0;
			knownRegions = (
				en,
				Base,
			);
			mainGroup = EEFF3B091877473F00E40E21;
			productRefGroup = EEFF3B131877473F00E40E21 /* Products */;
			projectDirPath = "";
			projectRoot = "";
			targets = (
				EEFF3B111877473F00E40E21 /* Zombie Run */,
				EEFF3B321877473F00E40E21 /* Zombie RunTests */,
			);
		};
/* End PBXProject section */

/* Begin PBXResourcesBuildPhase section */
		EEFF3B101877473F00E40E21 /* Resources */ = {
			isa = PBXResourcesBuildPhase;
			buildActionMask = 2147483647;
			files = (
				EEFF3B2E1877473F00E40E21 /* Images.xcassets in Resources */,
				EEFF3B201877473F00E40E21 /* InfoPlist.strings in Resources */,
				EEFF3B291877473F00E40E21 /* Main.storyboard in Resources */,
			);
			runOnlyForDeploymentPostprocessing = 0;
		};
		EEFF3B311877473F00E40E21 /* Resources */ = {
			isa = PBXResourcesBuildPhase;
			buildActionMask = 2147483647;
			files = (
				EEFF3B3F1877473F00E40E21 /* InfoPlist.strings in Resources */,
			);
			runOnlyForDeploymentPostprocessing = 0;
		};
/* End PBXResourcesBuildPhase section */

/* Begin PBXSourcesBuildPhase section */
		EEFF3B0E1877473F00E40E21 /* Sources */ = {
			isa = PBXSourcesBuildPhase;
			buildActionMask = 2147483647;
			files = (
				EEFF3B58187749F300E40E21 /* ZOMMenuViewController.m in Sources */,
				EEFF3B6118774F7B00E40E21 /* ZOMPlayer.m in Sources */,
				EE2FF0A21880E41400569886 /* ZOMZombieAnnotationView.m in Sources */,
				EEFF3B55187749DF00E40E21 /* ZOMSetupViewController.m in Sources */,
				EE2FF0A81880EDAA00569886 /* ZOMZombieAnnotation.m in Sources */,
				EEFF3B52187749D000E40E21 /* ZOMGameViewController.m in Sources */,
				EEFF3B221877473F00E40E21 /* main.m in Sources */,
				EEFF3B5E18774E4800E40E21 /* ZOMGame.m in Sources */,
				EEFF3B261877473F00E40E21 /* ZOMAppDelegate.m in Sources */,
			);
			runOnlyForDeploymentPostprocessing = 0;
		};
		EEFF3B2F1877473F00E40E21 /* Sources */ = {
			isa = PBXSourcesBuildPhase;
			buildActionMask = 2147483647;
			files = (
				EEFF3B411877473F00E40E21 /* Zombie_RunTests.m in Sources */,
			);
			runOnlyForDeploymentPostprocessing = 0;
		};
/* End PBXSourcesBuildPhase section */

/* Begin PBXTargetDependency section */
		EEFF3B391877473F00E40E21 /* PBXTargetDependency */ = {
			isa = PBXTargetDependency;
			target = EEFF3B111877473F00E40E21 /* Zombie Run */;
			targetProxy = EEFF3B381877473F00E40E21 /* PBXContainerItemProxy */;
		};
/* End PBXTargetDependency section */

/* Begin PBXVariantGroup section */
		EEFF3B1E1877473F00E40E21 /* InfoPlist.strings */ = {
			isa = PBXVariantGroup;
			children = (
				EEFF3B1F1877473F00E40E21 /* en */,
			);
			name = InfoPlist.strings;
			sourceTree = "<group>";
		};
		EEFF3B271877473F00E40E21 /* Main.storyboard */ = {
			isa = PBXVariantGroup;
			children = (
				EEFF3B281877473F00E40E21 /* Base */,
			);
			name = Main.storyboard;
			sourceTree = "<group>";
		};
		EEFF3B3D1877473F00E40E21 /* InfoPlist.strings */ = {
			isa = PBXVariantGroup;
			children = (
				EEFF3B3E1877473F00E40E21 /* en */,
			);
			name = InfoPlist.strings;
			sourceTree = "<group>";
		};
/* End PBXVariantGroup section */

/* Begin XCBuildConfiguration section */
		EEFF3B421877473F00E40E21 /* Debug */ = {
			isa = XCBuildConfiguration;
			buildSettings = {
				ALWAYS_SEARCH_USER_PATHS = NO;
				ARCHS = "$(ARCHS_STANDARD_INCLUDING_64_BIT)";
				CLANG_CXX_LANGUAGE_STANDARD = "gnu++0x";
				CLANG_CXX_LIBRARY = "libc++";
				CLANG_ENABLE_MODULES = YES;
				CLANG_ENABLE_OBJC_ARC = YES;
				CLANG_WARN_BOOL_CONVERSION = YES;
				CLANG_WARN_CONSTANT_CONVERSION = YES;
				CLANG_WARN_DIRECT_OBJC_ISA_USAGE = YES_ERROR;
				CLANG_WARN_EMPTY_BODY = YES;
				CLANG_WARN_ENUM_CONVERSION = YES;
				CLANG_WARN_INT_CONVERSION = YES;
				CLANG_WARN_OBJC_ROOT_CLASS = YES_ERROR;
				CLANG_WARN__DUPLICATE_METHOD_MATCH = YES;
				"CODE_SIGN_IDENTITY[sdk=iphoneos*]" = "iPhone Developer";
				COPY_PHASE_STRIP = NO;
				GCC_C_LANGUAGE_STANDARD = gnu99;
				GCC_DYNAMIC_NO_PIC = NO;
				GCC_OPTIMIZATION_LEVEL = 0;
				GCC_PREPROCESSOR_DEFINITIONS = (
					"DEBUG=1",
					"$(inherited)",
				);
				GCC_SYMBOLS_PRIVATE_EXTERN = NO;
				GCC_WARN_64_TO_32_BIT_CONVERSION = YES;
				GCC_WARN_ABOUT_RETURN_TYPE = YES_ERROR;
				GCC_WARN_UNDECLARED_SELECTOR = YES;
				GCC_WARN_UNINITIALIZED_AUTOS = YES;
				GCC_WARN_UNUSED_FUNCTION = YES;
				GCC_WARN_UNUSED_VARIABLE = YES;
				IPHONEOS_DEPLOYMENT_TARGET = 7.0;
				ONLY_ACTIVE_ARCH = YES;
				SDKROOT = iphoneos;
			};
			name = Debug;
		};
		EEFF3B431877473F00E40E21 /* Release */ = {
			isa = XCBuildConfiguration;
			buildSettings = {
				ALWAYS_SEARCH_USER_PATHS = NO;
				ARCHS = "$(ARCHS_STANDARD_INCLUDING_64_BIT)";
				CLANG_CXX_LANGUAGE_STANDARD = "gnu++0x";
				CLANG_CXX_LIBRARY = "libc++";
				CLANG_ENABLE_MODULES = YES;
				CLANG_ENABLE_OBJC_ARC = YES;
				CLANG_WARN_BOOL_CONVERSION = YES;
				CLANG_WARN_CONSTANT_CONVERSION = YES;
				CLANG_WARN_DIRECT_OBJC_ISA_USAGE = YES_ERROR;
				CLANG_WARN_EMPTY_BODY = YES;
				CLANG_WARN_ENUM_CONVERSION = YES;
				CLANG_WARN_INT_CONVERSION = YES;
				CLANG_WARN_OBJC_ROOT_CLASS = YES_ERROR;
				CLANG_WARN__DUPLICATE_METHOD_MATCH = YES;
				"CODE_SIGN_IDENTITY[sdk=iphoneos*]" = "iPhone Developer";
				COPY_PHASE_STRIP = YES;
				ENABLE_NS_ASSERTIONS = NO;
				GCC_C_LANGUAGE_STANDARD = gnu99;
				GCC_WARN_64_TO_32_BIT_CONVERSION = YES;
				GCC_WARN_ABOUT_RETURN_TYPE = YES_ERROR;
				GCC_WARN_UNDECLARED_SELECTOR = YES;
				GCC_WARN_UNINITIALIZED_AUTOS = YES;
				GCC_WARN_UNUSED_FUNCTION = YES;
				GCC_WARN_UNUSED_VARIABLE = YES;
				IPHONEOS_DEPLOYMENT_TARGET = 7.0;
				SDKROOT = iphoneos;
				VALIDATE_PRODUCT = YES;
			};
			name = Release;
		};
		EEFF3B451877473F00E40E21 /* Debug */ = {
			isa = XCBuildConfiguration;
			buildSettings = {
				ASSETCATALOG_COMPILER_APPICON_NAME = AppIcon;
				ASSETCATALOG_COMPILER_LAUNCHIMAGE_NAME = LaunchImage;
				CODE_SIGN_IDENTITY = "iPhone Developer";
				"CODE_SIGN_IDENTITY[sdk=iphoneos*]" = "iPhone Developer";
				GCC_PRECOMPILE_PREFIX_HEADER = YES;
				GCC_PREFIX_HEADER = "Zombie Run/Zombie Run-Prefix.pch";
				INFOPLIST_FILE = "Zombie Run/Zombie Run-Info.plist";
				PRODUCT_NAME = "$(TARGET_NAME)";
				PROVISIONING_PROFILE = "";
				WRAPPER_EXTENSION = app;
			};
			name = Debug;
		};
		EEFF3B461877473F00E40E21 /* Release */ = {
			isa = XCBuildConfiguration;
			buildSettings = {
				ASSETCATALOG_COMPILER_APPICON_NAME = AppIcon;
				ASSETCATALOG_COMPILER_LAUNCHIMAGE_NAME = LaunchImage;
				CODE_SIGN_IDENTITY = "iPhone Developer";
				"CODE_SIGN_IDENTITY[sdk=iphoneos*]" = "iPhone Developer";
				GCC_PRECOMPILE_PREFIX_HEADER = YES;
				GCC_PREFIX_HEADER = "Zombie Run/Zombie Run-Prefix.pch";
				INFOPLIST_FILE = "Zombie Run/Zombie Run-Info.plist";
				PRODUCT_NAME = "$(TARGET_NAME)";
				PROVISIONING_PROFILE = "";
				WRAPPER_EXTENSION = app;
			};
			name = Release;
		};
		EEFF3B481877473F00E40E21 /* Debug */ = {
			isa = XCBuildConfiguration;
			buildSettings = {
				ARCHS = "$(ARCHS_STANDARD_INCLUDING_64_BIT)";
				BUNDLE_LOADER = "$(BUILT_PRODUCTS_DIR)/Zombie Run.app/Zombie Run";
				FRAMEWORK_SEARCH_PATHS = (
					"$(SDKROOT)/Developer/Library/Frameworks",
					"$(inherited)",
					"$(DEVELOPER_FRAMEWORKS_DIR)",
				);
				GCC_PRECOMPILE_PREFIX_HEADER = YES;
				GCC_PREFIX_HEADER = "Zombie Run/Zombie Run-Prefix.pch";
				GCC_PREPROCESSOR_DEFINITIONS = (
					"DEBUG=1",
					"$(inherited)",
				);
				INFOPLIST_FILE = "Zombie RunTests/Zombie RunTests-Info.plist";
				PRODUCT_NAME = "$(TARGET_NAME)";
				TEST_HOST = "$(BUNDLE_LOADER)";
				WRAPPER_EXTENSION = xctest;
			};
			name = Debug;
		};
		EEFF3B491877473F00E40E21 /* Release */ = {
			isa = XCBuildConfiguration;
			buildSettings = {
				ARCHS = "$(ARCHS_STANDARD_INCLUDING_64_BIT)";
				BUNDLE_LOADER = "$(BUILT_PRODUCTS_DIR)/Zombie Run.app/Zombie Run";
				FRAMEWORK_SEARCH_PATHS = (
					"$(SDKROOT)/Developer/Library/Frameworks",
					"$(inherited)",
					"$(DEVELOPER_FRAMEWORKS_DIR)",
				);
				GCC_PRECOMPILE_PREFIX_HEADER = YES;
				GCC_PREFIX_HEADER = "Zombie Run/Zombie Run-Prefix.pch";
				INFOPLIST_FILE = "Zombie RunTests/Zombie RunTests-Info.plist";
				PRODUCT_NAME = "$(TARGET_NAME)";
				TEST_HOST = "$(BUNDLE_LOADER)";
				WRAPPER_EXTENSION = xctest;
			};
			name = Release;
		};
/* End XCBuildConfiguration section */

/* Begin XCConfigurationList section */
		EEFF3B0D1877473F00E40E21 /* Build configuration list for PBXProject "Zombie Run" */ = {
			isa = XCConfigurationList;
			buildConfigurations = (
				EEFF3B421877473F00E40E21 /* Debug */,
				EEFF3B431877473F00E40E21 /* Release */,
			);
			defaultConfigurationIsVisible = 0;
			defaultConfigurationName = Release;
		};
		EEFF3B441877473F00E40E21 /* Build configuration list for PBXNativeTarget "Zombie Run" */ = {
			isa = XCConfigurationList;
			buildConfigurations = (
				EEFF3B451877473F00E40E21 /* Debug */,
				EEFF3B461877473F00E40E21 /* Release */,
			);
			defaultConfigurationIsVisible = 0;
			defaultConfigurationName = Release;
		};
		EEFF3B471877473F00E40E21 /* Build configuration list for PBXNativeTarget "Zombie RunTests" */ = {
			isa = XCConfigurationList;
			buildConfigurations = (
				EEFF3B481877473F00E40E21 /* Debug */,
				EEFF3B491877473F00E40E21 /* Release */,
			);
			defaultConfigurationIsVisible = 0;
			defaultConfigurationName = Release;
		};
/* End XCConfigurationList section */
	};
	rootObject = EEFF3B0A1877473F00E40E21 /* Project object */;
}
